
Microsoft Visual Studio Solution File, Format Version 12.00
# Visual Studio Version 17
VisualStudioVersion = 17.5.002.0
MinimumVisualStudioVersion = 10.0.40219.1
Project("{2150E333-8FDC-42A3-9474-1A3956D46DE8}") = "sandbox", "sandbox", "{7081F394-AC99-42A4-B42D-041A91F565C6}"
EndProject
Project("{9A19103F-16F7-4668-BE54-9A1E7A4F7556}") = "sandbox_project", "sandbox\sandbox_project\sandbox_project.csproj", "{6005F964-F112-4884-A9D2-3F8FD61EF718}"
EndProject
Project("{2150E333-8FDC-42A3-9474-1A3956D46DE8}") = "week01", "week01", "{3325D47B-7FD3-4F4C-AE22-46CDEFBCF21E}"
EndProject
Project("{9A19103F-16F7-4668-BE54-9A1E7A4F7556}") = "analyze", "week01\analyze\analyze.csproj", "{B18DC24A-E285-4D4D-BC42-7C722FC38C59}"
EndProject
Project("{9A19103F-16F7-4668-BE54-9A1E7A4F7556}") = "code", "week01\code\code.csproj", "{497E8520-D143-409E-A860-6792BF723DBA}"
EndProject
Project("{9A19103F-16F7-4668-BE54-9A1E7A4F7556}") = "teach", "week01\teach\teach.csproj", "{D9F781D7-6368-4428-8B65-9B303AF5B17A}"
EndProject
Project("{2150E333-8FDC-42A3-9474-1A3956D46DE8}") = "week02", "week02", "{027CF3FC-8D35-4F64-8A78-93A4DA9F3248}"
EndProject
Project("{9A19103F-16F7-4668-BE54-9A1E7A4F7556}") = "analyze", "week02\analyze\analyze.csproj", "{00F2B426-1AF3-4D6C-B0B3-A4FE92F2C1E5}"
EndProject
Project("{9A19103F-16F7-4668-BE54-9A1E7A4F7556}") = "code", "week02\code\code.csproj", "{F0241754-3309-4E05-BB6A-30E79362ADD1}"
EndProject
Project("{9A19103F-16F7-4668-BE54-9A1E7A4F7556}") = "learn", "week02\learn\learn.csproj", "{0648A9FE-03C3-4BB3-B77E-775F78C434E5}"
EndProject
Project("{9A19103F-16F7-4668-BE54-9A1E7A4F7556}") = "teach", "week02\teach\teach.csproj", "{0A36098E-7580-4F35-A59D-80872AFDDC27}"
EndProject
Project("{2150E333-8FDC-42A3-9474-1A3956D46DE8}") = "week03", "week03", "{E1452ACD-DAF1-4023-9391-3A3B65552C8E}"
EndProject
Project("{9A19103F-16F7-4668-BE54-9A1E7A4F7556}") = "code", "week03\code\code.csproj", "{5FBBEF6D-4EC2-4117-8329-8A572EA3ACB1}"
EndProject
Project("{9A19103F-16F7-4668-BE54-9A1E7A4F7556}") = "learn", "week03\learn\learn.csproj", "{8472250F-C1D2-466F-976C-4FB80DCBB9A9}"
EndProject
Project("{9A19103F-16F7-4668-BE54-9A1E7A4F7556}") = "teach", "week03\teach\teach.csproj", "{399D8073-6D90-4F71-A0C2-1C211B02399C}"
EndProject
Project("{2150E333-8FDC-42A3-9474-1A3956D46DE8}") = "week04", "week04", "{326F007D-B557-4CFC-AA81-92F94964FA65}"
EndProject
Project("{9A19103F-16F7-4668-BE54-9A1E7A4F7556}") = "code", "week04\code\code.csproj", "{B73083D3-D992-4FDE-8491-89D15C563239}"
EndProject
Project("{2150E333-8FDC-42A3-9474-1A3956D46DE8}") = "week05", "week05", "{CEB0B023-7C5C-4532-BC5C-CD4BFA397A49}"
EndProject
Project("{9A19103F-16F7-4668-BE54-9A1E7A4F7556}") = "code", "week05\code\code.csproj", "{92E7CED7-4058-4294-B59B-1B1A5151983E}"
EndProject
Project("{2150E333-8FDC-42A3-9474-1A3956D46DE8}") = "week06", "week06", "{4545575E-CDB0-47F9-9954-D83B9B71E2F8}"
EndProject
Project("{9A19103F-16F7-4668-BE54-9A1E7A4F7556}") = "code", "week06\code\code.csproj", "{51A4071D-E79F-4725-93F1-7DA6201D1475}"
EndProject
Global
	GlobalSection(SolutionConfigurationPlatforms) = preSolution
		Debug|Any CPU = Debug|Any CPU
		Release|Any CPU = Release|Any CPU
	EndGlobalSection
	GlobalSection(ProjectConfigurationPlatforms) = postSolution
		{6005F964-F112-4884-A9D2-3F8FD61EF718}.Debug|Any CPU.ActiveCfg = Debug|Any CPU
		{6005F964-F112-4884-A9D2-3F8FD61EF718}.Debug|Any CPU.Build.0 = Debug|Any CPU
		{6005F964-F112-4884-A9D2-3F8FD61EF718}.Release|Any CPU.ActiveCfg = Release|Any CPU
		{6005F964-F112-4884-A9D2-3F8FD61EF718}.Release|Any CPU.Build.0 = Release|Any CPU
		{B18DC24A-E285-4D4D-BC42-7C722FC38C59}.Debug|Any CPU.ActiveCfg = Debug|Any CPU
		{B18DC24A-E285-4D4D-BC42-7C722FC38C59}.Debug|Any CPU.Build.0 = Debug|Any CPU
		{B18DC24A-E285-4D4D-BC42-7C722FC38C59}.Release|Any CPU.ActiveCfg = Release|Any CPU
		{B18DC24A-E285-4D4D-BC42-7C722FC38C59}.Release|Any CPU.Build.0 = Release|Any CPU
		{497E8520-D143-409E-A860-6792BF723DBA}.Debug|Any CPU.ActiveCfg = Debug|Any CPU
		{497E8520-D143-409E-A860-6792BF723DBA}.Debug|Any CPU.Build.0 = Debug|Any CPU
		{497E8520-D143-409E-A860-6792BF723DBA}.Release|Any CPU.ActiveCfg = Release|Any CPU
		{497E8520-D143-409E-A860-6792BF723DBA}.Release|Any CPU.Build.0 = Release|Any CPU
		{D9F781D7-6368-4428-8B65-9B303AF5B17A}.Debug|Any CPU.ActiveCfg = Debug|Any CPU
		{D9F781D7-6368-4428-8B65-9B303AF5B17A}.Debug|Any CPU.Build.0 = Debug|Any CPU
		{D9F781D7-6368-4428-8B65-9B303AF5B17A}.Release|Any CPU.ActiveCfg = Release|Any CPU
		{D9F781D7-6368-4428-8B65-9B303AF5B17A}.Release|Any CPU.Build.0 = Release|Any CPU
		{00F2B426-1AF3-4D6C-B0B3-A4FE92F2C1E5}.Debug|Any CPU.ActiveCfg = Debug|Any CPU
		{00F2B426-1AF3-4D6C-B0B3-A4FE92F2C1E5}.Debug|Any CPU.Build.0 = Debug|Any CPU
		{00F2B426-1AF3-4D6C-B0B3-A4FE92F2C1E5}.Release|Any CPU.ActiveCfg = Release|Any CPU
		{00F2B426-1AF3-4D6C-B0B3-A4FE92F2C1E5}.Release|Any CPU.Build.0 = Release|Any CPU
		{F0241754-3309-4E05-BB6A-30E79362ADD1}.Debug|Any CPU.ActiveCfg = Debug|Any CPU
		{F0241754-3309-4E05-BB6A-30E79362ADD1}.Debug|Any CPU.Build.0 = Debug|Any CPU
		{F0241754-3309-4E05-BB6A-30E79362ADD1}.Release|Any CPU.ActiveCfg = Release|Any CPU
		{F0241754-3309-4E05-BB6A-30E79362ADD1}.Release|Any CPU.Build.0 = Release|Any CPU
		{0648A9FE-03C3-4BB3-B77E-775F78C434E5}.Debug|Any CPU.ActiveCfg = Debug|Any CPU
		{0648A9FE-03C3-4BB3-B77E-775F78C434E5}.Debug|Any CPU.Build.0 = Debug|Any CPU
		{0648A9FE-03C3-4BB3-B77E-775F78C434E5}.Release|Any CPU.ActiveCfg = Release|Any CPU
		{0648A9FE-03C3-4BB3-B77E-775F78C434E5}.Release|Any CPU.Build.0 = Release|Any CPU
		{0A36098E-7580-4F35-A59D-80872AFDDC27}.Debug|Any CPU.ActiveCfg = Debug|Any CPU
		{0A36098E-7580-4F35-A59D-80872AFDDC27}.Debug|Any CPU.Build.0 = Debug|Any CPU
		{0A36098E-7580-4F35-A59D-80872AFDDC27}.Release|Any CPU.ActiveCfg = Release|Any CPU
		{0A36098E-7580-4F35-A59D-80872AFDDC27}.Release|Any CPU.Build.0 = Release|Any CPU
		{5FBBEF6D-4EC2-4117-8329-8A572EA3ACB1}.Debug|Any CPU.ActiveCfg = Debug|Any CPU
		{5FBBEF6D-4EC2-4117-8329-8A572EA3ACB1}.Debug|Any CPU.Build.0 = Debug|Any CPU
		{5FBBEF6D-4EC2-4117-8329-8A572EA3ACB1}.Release|Any CPU.ActiveCfg = Release|Any CPU
		{5FBBEF6D-4EC2-4117-8329-8A572EA3ACB1}.Release|Any CPU.Build.0 = Release|Any CPU
		{8472250F-C1D2-466F-976C-4FB80DCBB9A9}.Debug|Any CPU.ActiveCfg = Debug|Any CPU
		{8472250F-C1D2-466F-976C-4FB80DCBB9A9}.Debug|Any CPU.Build.0 = Debug|Any CPU
		{8472250F-C1D2-466F-976C-4FB80DCBB9A9}.Release|Any CPU.ActiveCfg = Release|Any CPU
		{8472250F-C1D2-466F-976C-4FB80DCBB9A9}.Release|Any CPU.Build.0 = Release|Any CPU
		{399D8073-6D90-4F71-A0C2-1C211B02399C}.Debug|Any CPU.ActiveCfg = Debug|Any CPU
		{399D8073-6D90-4F71-A0C2-1C211B02399C}.Debug|Any CPU.Build.0 = Debug|Any CPU
		{399D8073-6D90-4F71-A0C2-1C211B02399C}.Release|Any CPU.ActiveCfg = Release|Any CPU
		{399D8073-6D90-4F71-A0C2-1C211B02399C}.Release|Any CPU.Build.0 = Release|Any CPU
		{B73083D3-D992-4FDE-8491-89D15C563239}.Debug|Any CPU.ActiveCfg = Debug|Any CPU
		{B73083D3-D992-4FDE-8491-89D15C563239}.Debug|Any CPU.Build.0 = Debug|Any CPU
		{B73083D3-D992-4FDE-8491-89D15C563239}.Release|Any CPU.ActiveCfg = Release|Any CPU
		{B73083D3-D992-4FDE-8491-89D15C563239}.Release|Any CPU.Build.0 = Release|Any CPU
		{92E7CED7-4058-4294-B59B-1B1A5151983E}.Debug|Any CPU.ActiveCfg = Debug|Any CPU
		{92E7CED7-4058-4294-B59B-1B1A5151983E}.Debug|Any CPU.Build.0 = Debug|Any CPU
		{92E7CED7-4058-4294-B59B-1B1A5151983E}.Release|Any CPU.ActiveCfg = Release|Any CPU
		{92E7CED7-4058-4294-B59B-1B1A5151983E}.Release|Any CPU.Build.0 = Release|Any CPU
		{51A4071D-E79F-4725-93F1-7DA6201D1475}.Debug|Any CPU.ActiveCfg = Debug|Any CPU
		{51A4071D-E79F-4725-93F1-7DA6201D1475}.Debug|Any CPU.Build.0 = Debug|Any CPU
		{51A4071D-E79F-4725-93F1-7DA6201D1475}.Release|Any CPU.ActiveCfg = Release|Any CPU
		{51A4071D-E79F-4725-93F1-7DA6201D1475}.Release|Any CPU.Build.0 = Release|Any CPU
	EndGlobalSection
	GlobalSection(SolutionProperties) = preSolution
		HideSolutionNode = FALSE
	EndGlobalSection
	GlobalSection(NestedProjects) = preSolution
		{6005F964-F112-4884-A9D2-3F8FD61EF718} = {7081F394-AC99-42A4-B42D-041A91F565C6}
		{B18DC24A-E285-4D4D-BC42-7C722FC38C59} = {3325D47B-7FD3-4F4C-AE22-46CDEFBCF21E}
		{497E8520-D143-409E-A860-6792BF723DBA} = {3325D47B-7FD3-4F4C-AE22-46CDEFBCF21E}
		{D9F781D7-6368-4428-8B65-9B303AF5B17A} = {3325D47B-7FD3-4F4C-AE22-46CDEFBCF21E}
		{00F2B426-1AF3-4D6C-B0B3-A4FE92F2C1E5} = {027CF3FC-8D35-4F64-8A78-93A4DA9F3248}
		{F0241754-3309-4E05-BB6A-30E79362ADD1} = {027CF3FC-8D35-4F64-8A78-93A4DA9F3248}
		{0648A9FE-03C3-4BB3-B77E-775F78C434E5} = {027CF3FC-8D35-4F64-8A78-93A4DA9F3248}
		{0A36098E-7580-4F35-A59D-80872AFDDC27} = {027CF3FC-8D35-4F64-8A78-93A4DA9F3248}
		{5FBBEF6D-4EC2-4117-8329-8A572EA3ACB1} = {E1452ACD-DAF1-4023-9391-3A3B65552C8E}
		{8472250F-C1D2-466F-976C-4FB80DCBB9A9} = {E1452ACD-DAF1-4023-9391-3A3B65552C8E}
		{399D8073-6D90-4F71-A0C2-1C211B02399C} = {E1452ACD-DAF1-4023-9391-3A3B65552C8E}
		{B73083D3-D992-4FDE-8491-89D15C563239} = {326F007D-B557-4CFC-AA81-92F94964FA65}
		{92E7CED7-4058-4294-B59B-1B1A5151983E} = {CEB0B023-7C5C-4532-BC5C-CD4BFA397A49}
		{51A4071D-E79F-4725-93F1-7DA6201D1475} = {4545575E-CDB0-47F9-9954-D83B9B71E2F8}
	EndGlobalSection
	GlobalSection(ExtensibilityGlobals) = postSolution
		SolutionGuid = {B281D1B1-F36C-4727-974E-98CCE32C6499}
	EndGlobalSection
EndGlobal
